
Microsoft Visual Studio Solution File, Format Version 12.00
# Visual Studio Version 16
VisualStudioVersion = 25.0.1703.5
MinimumVisualStudioVersion = 10.0.40219.1
Project("{FAE04EC0-301F-11D3-BF4B-00C04F79EFBC}") = "SgsConsoleApp", "SgsConsoleApp\SgsConsoleApp.csproj", "{3BB37625-8E0A-41F5-84D1-2DDCB5F2A43C}"
EndProject
Project("{FAE04EC0-301F-11D3-BF4B-00C04F79EFBC}") = "SgsCore", "SgsCore\SgsCore.csproj", "{2EA77C7C-D6DF-4196-B1E8-70F2975DBEA5}"
EndProject
Global
	GlobalSection(SolutionConfigurationPlatforms) = preSolution
		Debug|Any CPU = Debug|Any CPU
		Release|Any CPU = Release|Any CPU
	EndGlobalSection
	GlobalSection(ProjectConfigurationPlatforms) = postSolution
		{3BB37625-8E0A-41F5-84D1-2DDCB5F2A43C}.Debug|Any CPU.ActiveCfg = Debug|Any CPU
		{3BB37625-8E0A-41F5-84D1-2DDCB5F2A43C}.Debug|Any CPU.Build.0 = Debug|Any CPU
		{3BB37625-8E0A-41F5-84D1-2DDCB5F2A43C}.Release|Any CPU.ActiveCfg = Release|Any CPU
		{3BB37625-8E0A-41F5-84D1-2DDCB5F2A43C}.Release|Any CPU.Build.0 = Release|Any CPU
		{2EA77C7C-D6DF-4196-B1E8-70F2975DBEA5}.Debug|Any CPU.ActiveCfg = Debug|Any CPU
		{2EA77C7C-D6DF-4196-B1E8-70F2975DBEA5}.Debug|Any CPU.Build.0 = Debug|Any CPU
		{2EA77C7C-D6DF-4196-B1E8-70F2975DBEA5}.Release|Any CPU.ActiveCfg = Release|Any CPU
		{2EA77C7C-D6DF-4196-B1E8-70F2975DBEA5}.Release|Any CPU.Build.0 = Release|Any CPU
	EndGlobalSection
	GlobalSection(SolutionProperties) = preSolution
		HideSolutionNode = FALSE
	EndGlobalSection
	GlobalSection(ExtensibilityGlobals) = postSolution
		SolutionGuid = {82BC29F5-1277-4E80-AF3E-7CDDB148F8D1}
	EndGlobalSection
EndGlobal
